
Microsoft Visual Studio Solution File, Format Version 12.00
# Visual Studio Version 16
VisualStudioVersion = 16.0.29230.47
MinimumVisualStudioVersion = 10.0.40219.1
Project("{F184B08F-C81C-45F6-A57F-5ABD9991F28F}") = "VGDDCommonEmbedded", "VGDDCommon\VGDDCommonEmbedded.vbproj", "{54AF1FD3-7FB2-4E06-9690-D31EB1351D73}"
EndProject
Project("{2150E333-8FDC-42A3-9474-1A3956D46DE8}") = "Solution Items", "Solution Items", "{71D27188-0DB7-49E6-92E2-D4274D691FAF}"
EndProject
Project("{FAE04EC0-301F-11D3-BF4B-00C04F79EFBC}") = "ICSharpCode.TextEditor", "TextEditor\Src\ICSharpCode.TextEditor\Project\ICSharpCode.TextEditor.csproj", "{2D18BE89-D210-49EB-A9DD-2246FBB3DF6D}"
EndProject
Project("{FAE04EC0-301F-11D3-BF4B-00C04F79EFBC}") = "Microchip.MPFS", "MPFSlib\Microchip.MPFS.csproj", "{9E5C8D19-D7E0-4B04-B51D-89613AAA5670}"
EndProject
Project("{F184B08F-C81C-45F6-A57F-5ABD9991F28F}") = "VGDD", "VGDD\VGDD.vbproj", "{99FB9774-9749-4A20-8107-22F2DBC81E37}"
EndProject
Project("{FAE04EC0-301F-11D3-BF4B-00C04F79EFBC}") = "WinFormsUI", "WinFormsUI\WinFormsUI.csproj", "{E3409852-BDB9-47BF-89EC-593DC19A472B}"
EndProject
Project("{54435603-DBB4-11D2-8724-00A0C9A8B90C}") = "VgddSetup", "VGDDSetup\VgddSetup.vdproj", "{7DE8BA6B-5FDC-4DF2-B263-78EDF3216A5E}"
EndProject
Project("{F184B08F-C81C-45F6-A57F-5ABD9991F28F}") = "MHCPatcher", "MHCPatcher\MHCPatcher\MHCPatcher.vbproj", "{D8C2CB39-E031-4F65-A9CA-3FD85D57D8CC}"
EndProject
Project("{F184B08F-C81C-45F6-A57F-5ABD9991F28F}") = "VirtualFabUtils", "VirtualFabUtils\VirtualFabUtils.vbproj", "{DDAFE318-5137-4A19-9E98-F74D6B6C9161}"
EndProject
Global
	GlobalSection(SolutionConfigurationPlatforms) = preSolution
		Debug|Any CPU = Debug|Any CPU
		Debug|Mixed Platforms = Debug|Mixed Platforms
		Debug|Win32 = Debug|Win32
		Debug|x64 = Debug|x64
		Debug|x86 = Debug|x86
		Debug64|Any CPU = Debug64|Any CPU
		Debug64|Mixed Platforms = Debug64|Mixed Platforms
		Debug64|Win32 = Debug64|Win32
		Debug64|x64 = Debug64|x64
		Debug64|x86 = Debug64|x86
		DemoDebug|Any CPU = DemoDebug|Any CPU
		DemoDebug|Mixed Platforms = DemoDebug|Mixed Platforms
		DemoDebug|Win32 = DemoDebug|Win32
		DemoDebug|x64 = DemoDebug|x64
		DemoDebug|x86 = DemoDebug|x86
		DemoRelease|Any CPU = DemoRelease|Any CPU
		DemoRelease|Mixed Platforms = DemoRelease|Mixed Platforms
		DemoRelease|Win32 = DemoRelease|Win32
		DemoRelease|x64 = DemoRelease|x64
		DemoRelease|x86 = DemoRelease|x86
		Evaluation|Any CPU = Evaluation|Any CPU
		Evaluation|Mixed Platforms = Evaluation|Mixed Platforms
		Evaluation|Win32 = Evaluation|Win32
		Evaluation|x64 = Evaluation|x64
		Evaluation|x86 = Evaluation|x86
		Release|Any CPU = Release|Any CPU
		Release|Mixed Platforms = Release|Mixed Platforms
		Release|Win32 = Release|Win32
		Release|x64 = Release|x64
		Release|x86 = Release|x86
		ReleaseDebug|Any CPU = ReleaseDebug|Any CPU
		ReleaseDebug|Mixed Platforms = ReleaseDebug|Mixed Platforms
		ReleaseDebug|Win32 = ReleaseDebug|Win32
		ReleaseDebug|x64 = ReleaseDebug|x64
		ReleaseDebug|x86 = ReleaseDebug|x86
	EndGlobalSection
	GlobalSection(ProjectConfigurationPlatforms) = postSolution
		{54AF1FD3-7FB2-4E06-9690-D31EB1351D73}.Debug|Any CPU.ActiveCfg = Debug|Any CPU
		{54AF1FD3-7FB2-4E06-9690-D31EB1351D73}.Debug|Any CPU.Build.0 = Debug|Any CPU
		{54AF1FD3-7FB2-4E06-9690-D31EB1351D73}.Debug|Mixed Platforms.ActiveCfg = Debug|Any CPU
		{54AF1FD3-7FB2-4E06-9690-D31EB1351D73}.Debug|Mixed Platforms.Build.0 = Debug|Any CPU
		{54AF1FD3-7FB2-4E06-9690-D31EB1351D73}.Debug|Win32.ActiveCfg = Debug|x86
		{54AF1FD3-7FB2-4E06-9690-D31EB1351D73}.Debug|x64.ActiveCfg = Debug|x64
		{54AF1FD3-7FB2-4E06-9690-D31EB1351D73}.Debug|x64.Build.0 = Debug|x64
		{54AF1FD3-7FB2-4E06-9690-D31EB1351D73}.Debug|x86.ActiveCfg = Debug|x86
		{54AF1FD3-7FB2-4E06-9690-D31EB1351D73}.Debug|x86.Build.0 = Debug|x86
		{54AF1FD3-7FB2-4E06-9690-D31EB1351D73}.Debug64|Any CPU.ActiveCfg = Debug|x86
		{54AF1FD3-7FB2-4E06-9690-D31EB1351D73}.Debug64|Mixed Platforms.ActiveCfg = Debug|x86
		{54AF1FD3-7FB2-4E06-9690-D31EB1351D73}.Debug64|Mixed Platforms.Build.0 = Debug|x86
		{54AF1FD3-7FB2-4E06-9690-D31EB1351D73}.Debug64|Win32.ActiveCfg = Debug|x86
		{54AF1FD3-7FB2-4E06-9690-D31EB1351D73}.Debug64|x64.ActiveCfg = Debug|x86
		{54AF1FD3-7FB2-4E06-9690-D31EB1351D73}.Debug64|x86.ActiveCfg = Debug|x86
		{54AF1FD3-7FB2-4E06-9690-D31EB1351D73}.Debug64|x86.Build.0 = Debug|x86
		{54AF1FD3-7FB2-4E06-9690-D31EB1351D73}.DemoDebug|Any CPU.ActiveCfg = DemoDebug|Any CPU
		{54AF1FD3-7FB2-4E06-9690-D31EB1351D73}.DemoDebug|Any CPU.Build.0 = DemoDebug|Any CPU
		{54AF1FD3-7FB2-4E06-9690-D31EB1351D73}.DemoDebug|Mixed Platforms.ActiveCfg = DemoDebug|Any CPU
		{54AF1FD3-7FB2-4E06-9690-D31EB1351D73}.DemoDebug|Mixed Platforms.Build.0 = DemoDebug|Any CPU
		{54AF1FD3-7FB2-4E06-9690-D31EB1351D73}.DemoDebug|Win32.ActiveCfg = DemoDebug|x86
		{54AF1FD3-7FB2-4E06-9690-D31EB1351D73}.DemoDebug|x64.ActiveCfg = DemoDebug|x64
		{54AF1FD3-7FB2-4E06-9690-D31EB1351D73}.DemoDebug|x64.Build.0 = DemoDebug|x64
		{54AF1FD3-7FB2-4E06-9690-D31EB1351D73}.DemoDebug|x86.ActiveCfg = DemoDebug|Any CPU
		{54AF1FD3-7FB2-4E06-9690-D31EB1351D73}.DemoRelease|Any CPU.ActiveCfg = DemoRelease|Any CPU
		{54AF1FD3-7FB2-4E06-9690-D31EB1351D73}.DemoRelease|Any CPU.Build.0 = DemoRelease|Any CPU
		{54AF1FD3-7FB2-4E06-9690-D31EB1351D73}.DemoRelease|Mixed Platforms.ActiveCfg = DemoRelease|x86
		{54AF1FD3-7FB2-4E06-9690-D31EB1351D73}.DemoRelease|Mixed Platforms.Build.0 = DemoRelease|x86
		{54AF1FD3-7FB2-4E06-9690-D31EB1351D73}.DemoRelease|Win32.ActiveCfg = DemoRelease|x86
		{54AF1FD3-7FB2-4E06-9690-D31EB1351D73}.DemoRelease|x64.ActiveCfg = DemoRelease|x64
		{54AF1FD3-7FB2-4E06-9690-D31EB1351D73}.DemoRelease|x64.Build.0 = DemoRelease|x64
		{54AF1FD3-7FB2-4E06-9690-D31EB1351D73}.DemoRelease|x86.ActiveCfg = DemoRelease|x86
		{54AF1FD3-7FB2-4E06-9690-D31EB1351D73}.DemoRelease|x86.Build.0 = DemoRelease|x86
		{54AF1FD3-7FB2-4E06-9690-D31EB1351D73}.Evaluation|Any CPU.ActiveCfg = Evaluation|Any CPU
		{54AF1FD3-7FB2-4E06-9690-D31EB1351D73}.Evaluation|Any CPU.Build.0 = Evaluation|Any CPU
		{54AF1FD3-7FB2-4E06-9690-D31EB1351D73}.Evaluation|Mixed Platforms.ActiveCfg = Evaluation|Any CPU
		{54AF1FD3-7FB2-4E06-9690-D31EB1351D73}.Evaluation|Mixed Platforms.Build.0 = Evaluation|Any CPU
		{54AF1FD3-7FB2-4E06-9690-D31EB1351D73}.Evaluation|Win32.ActiveCfg = Evaluation|x86
		{54AF1FD3-7FB2-4E06-9690-D31EB1351D73}.Evaluation|x64.ActiveCfg = Evaluation|x64
		{54AF1FD3-7FB2-4E06-9690-D31EB1351D73}.Evaluation|x64.Build.0 = Evaluation|x64
		{54AF1FD3-7FB2-4E06-9690-D31EB1351D73}.Evaluation|x86.ActiveCfg = Evaluation|x86
		{54AF1FD3-7FB2-4E06-9690-D31EB1351D73}.Evaluation|x86.Build.0 = Evaluation|x86
		{54AF1FD3-7FB2-4E06-9690-D31EB1351D73}.Release|Any CPU.ActiveCfg = Release|Any CPU
		{54AF1FD3-7FB2-4E06-9690-D31EB1351D73}.Release|Any CPU.Build.0 = Release|Any CPU
		{54AF1FD3-7FB2-4E06-9690-D31EB1351D73}.Release|Mixed Platforms.ActiveCfg = Release|Any CPU
		{54AF1FD3-7FB2-4E06-9690-D31EB1351D73}.Release|Mixed Platforms.Build.0 = Release|Any CPU
		{54AF1FD3-7FB2-4E06-9690-D31EB1351D73}.Release|Win32.ActiveCfg = Release|x86
		{54AF1FD3-7FB2-4E06-9690-D31EB1351D73}.Release|x64.ActiveCfg = Release|x64
		{54AF1FD3-7FB2-4E06-9690-D31EB1351D73}.Release|x64.Build.0 = Release|x64
		{54AF1FD3-7FB2-4E06-9690-D31EB1351D73}.Release|x86.ActiveCfg = Release|Any CPU
		{54AF1FD3-7FB2-4E06-9690-D31EB1351D73}.ReleaseDebug|Any CPU.ActiveCfg = ReleaseDebug|Any CPU
		{54AF1FD3-7FB2-4E06-9690-D31EB1351D73}.ReleaseDebug|Any CPU.Build.0 = ReleaseDebug|Any CPU
		{54AF1FD3-7FB2-4E06-9690-D31EB1351D73}.ReleaseDebug|Mixed Platforms.ActiveCfg = ReleaseDebug|Any CPU
		{54AF1FD3-7FB2-4E06-9690-D31EB1351D73}.ReleaseDebug|Mixed Platforms.Build.0 = ReleaseDebug|Any CPU
		{54AF1FD3-7FB2-4E06-9690-D31EB1351D73}.ReleaseDebug|Win32.ActiveCfg = ReleaseDebug|x86
		{54AF1FD3-7FB2-4E06-9690-D31EB1351D73}.ReleaseDebug|x64.ActiveCfg = ReleaseDebug|x64
		{54AF1FD3-7FB2-4E06-9690-D31EB1351D73}.ReleaseDebug|x64.Build.0 = ReleaseDebug|x64
		{54AF1FD3-7FB2-4E06-9690-D31EB1351D73}.ReleaseDebug|x86.ActiveCfg = ReleaseDebug|x86
		{54AF1FD3-7FB2-4E06-9690-D31EB1351D73}.ReleaseDebug|x86.Build.0 = ReleaseDebug|x86
		{2D18BE89-D210-49EB-A9DD-2246FBB3DF6D}.Debug|Any CPU.ActiveCfg = Debug|Any CPU
		{2D18BE89-D210-49EB-A9DD-2246FBB3DF6D}.Debug|Any CPU.Build.0 = Debug|Any CPU
		{2D18BE89-D210-49EB-A9DD-2246FBB3DF6D}.Debug|Mixed Platforms.ActiveCfg = Debug|Any CPU
		{2D18BE89-D210-49EB-A9DD-2246FBB3DF6D}.Debug|Mixed Platforms.Build.0 = Debug|Any CPU
		{2D18BE89-D210-49EB-A9DD-2246FBB3DF6D}.Debug|Win32.ActiveCfg = Debug|Any CPU
		{2D18BE89-D210-49EB-A9DD-2246FBB3DF6D}.Debug|x64.ActiveCfg = Debug|Any CPU
		{2D18BE89-D210-49EB-A9DD-2246FBB3DF6D}.Debug|x86.ActiveCfg = Debug|Any CPU
		{2D18BE89-D210-49EB-A9DD-2246FBB3DF6D}.Debug64|Any CPU.ActiveCfg = Debug|Any CPU
		{2D18BE89-D210-49EB-A9DD-2246FBB3DF6D}.Debug64|Any CPU.Build.0 = Debug|Any CPU
		{2D18BE89-D210-49EB-A9DD-2246FBB3DF6D}.Debug64|Mixed Platforms.ActiveCfg = Debug|Any CPU
		{2D18BE89-D210-49EB-A9DD-2246FBB3DF6D}.Debug64|Mixed Platforms.Build.0 = Debug|Any CPU
		{2D18BE89-D210-49EB-A9DD-2246FBB3DF6D}.Debug64|Win32.ActiveCfg = Debug|Any CPU
		{2D18BE89-D210-49EB-A9DD-2246FBB3DF6D}.Debug64|x64.ActiveCfg = Debug|Any CPU
		{2D18BE89-D210-49EB-A9DD-2246FBB3DF6D}.Debug64|x86.ActiveCfg = Debug|Any CPU
		{2D18BE89-D210-49EB-A9DD-2246FBB3DF6D}.DemoDebug|Any CPU.ActiveCfg = Debug|Any CPU
		{2D18BE89-D210-49EB-A9DD-2246FBB3DF6D}.DemoDebug|Any CPU.Build.0 = Debug|Any CPU
		{2D18BE89-D210-49EB-A9DD-2246FBB3DF6D}.DemoDebug|Mixed Platforms.ActiveCfg = Debug|Any CPU
		{2D18BE89-D210-49EB-A9DD-2246FBB3DF6D}.DemoDebug|Mixed Platforms.Build.0 = Debug|Any CPU
		{2D18BE89-D210-49EB-A9DD-2246FBB3DF6D}.DemoDebug|Win32.ActiveCfg = Debug|Any CPU
		{2D18BE89-D210-49EB-A9DD-2246FBB3DF6D}.DemoDebug|x64.ActiveCfg = Debug|Any CPU
		{2D18BE89-D210-49EB-A9DD-2246FBB3DF6D}.DemoDebug|x86.ActiveCfg = Debug|Any CPU
		{2D18BE89-D210-49EB-A9DD-2246FBB3DF6D}.DemoRelease|Any CPU.ActiveCfg = DemoRelease|Any CPU
		{2D18BE89-D210-49EB-A9DD-2246FBB3DF6D}.DemoRelease|Any CPU.Build.0 = DemoRelease|Any CPU
		{2D18BE89-D210-49EB-A9DD-2246FBB3DF6D}.DemoRelease|Mixed Platforms.ActiveCfg = Release|Any CPU
		{2D18BE89-D210-49EB-A9DD-2246FBB3DF6D}.DemoRelease|Mixed Platforms.Build.0 = Release|Any CPU
		{2D18BE89-D210-49EB-A9DD-2246FBB3DF6D}.DemoRelease|Win32.ActiveCfg = DemoRelease|Any CPU
		{2D18BE89-D210-49EB-A9DD-2246FBB3DF6D}.DemoRelease|x64.ActiveCfg = DemoRelease|Any CPU
		{2D18BE89-D210-49EB-A9DD-2246FBB3DF6D}.DemoRelease|x86.ActiveCfg = DemoRelease|Any CPU
		{2D18BE89-D210-49EB-A9DD-2246FBB3DF6D}.Evaluation|Any CPU.ActiveCfg = Release|Any CPU
		{2D18BE89-D210-49EB-A9DD-2246FBB3DF6D}.Evaluation|Any CPU.Build.0 = Release|Any CPU
		{2D18BE89-D210-49EB-A9DD-2246FBB3DF6D}.Evaluation|Mixed Platforms.ActiveCfg = Release|Any CPU
		{2D18BE89-D210-49EB-A9DD-2246FBB3DF6D}.Evaluation|Mixed Platforms.Build.0 = Release|Any CPU
		{2D18BE89-D210-49EB-A9DD-2246FBB3DF6D}.Evaluation|Win32.ActiveCfg = Release|Any CPU
		{2D18BE89-D210-49EB-A9DD-2246FBB3DF6D}.Evaluation|x64.ActiveCfg = ReleaseDebug|Any CPU
		{2D18BE89-D210-49EB-A9DD-2246FBB3DF6D}.Evaluation|x86.ActiveCfg = Release|Any CPU
		{2D18BE89-D210-49EB-A9DD-2246FBB3DF6D}.Release|Any CPU.ActiveCfg = Release|Any CPU
		{2D18BE89-D210-49EB-A9DD-2246FBB3DF6D}.Release|Any CPU.Build.0 = Release|Any CPU
		{2D18BE89-D210-49EB-A9DD-2246FBB3DF6D}.Release|Mixed Platforms.ActiveCfg = Release|Any CPU
		{2D18BE89-D210-49EB-A9DD-2246FBB3DF6D}.Release|Mixed Platforms.Build.0 = Release|Any CPU
		{2D18BE89-D210-49EB-A9DD-2246FBB3DF6D}.Release|Win32.ActiveCfg = Release|Any CPU
		{2D18BE89-D210-49EB-A9DD-2246FBB3DF6D}.Release|x64.ActiveCfg = Release|Any CPU
		{2D18BE89-D210-49EB-A9DD-2246FBB3DF6D}.Release|x86.ActiveCfg = Release|Any CPU
		{2D18BE89-D210-49EB-A9DD-2246FBB3DF6D}.ReleaseDebug|Any CPU.ActiveCfg = ReleaseDebug|Any CPU
		{2D18BE89-D210-49EB-A9DD-2246FBB3DF6D}.ReleaseDebug|Any CPU.Build.0 = ReleaseDebug|Any CPU
		{2D18BE89-D210-49EB-A9DD-2246FBB3DF6D}.ReleaseDebug|Mixed Platforms.ActiveCfg = ReleaseDebug|Any CPU
		{2D18BE89-D210-49EB-A9DD-2246FBB3DF6D}.ReleaseDebug|Mixed Platforms.Build.0 = ReleaseDebug|Any CPU
		{2D18BE89-D210-49EB-A9DD-2246FBB3DF6D}.ReleaseDebug|Win32.ActiveCfg = ReleaseDebug|Any CPU
		{2D18BE89-D210-49EB-A9DD-2246FBB3DF6D}.ReleaseDebug|x64.ActiveCfg = ReleaseDebug|Any CPU
		{2D18BE89-D210-49EB-A9DD-2246FBB3DF6D}.ReleaseDebug|x86.ActiveCfg = ReleaseDebug|Any CPU
		{9E5C8D19-D7E0-4B04-B51D-89613AAA5670}.Debug|Any CPU.ActiveCfg = Debug|Any CPU
		{9E5C8D19-D7E0-4B04-B51D-89613AAA5670}.Debug|Any CPU.Build.0 = Debug|Any CPU
		{9E5C8D19-D7E0-4B04-B51D-89613AAA5670}.Debug|Mixed Platforms.ActiveCfg = Debug|Any CPU
		{9E5C8D19-D7E0-4B04-B51D-89613AAA5670}.Debug|Mixed Platforms.Build.0 = Debug|Any CPU
		{9E5C8D19-D7E0-4B04-B51D-89613AAA5670}.Debug|Win32.ActiveCfg = Debug|Any CPU
		{9E5C8D19-D7E0-4B04-B51D-89613AAA5670}.Debug|x64.ActiveCfg = Debug|Any CPU
		{9E5C8D19-D7E0-4B04-B51D-89613AAA5670}.Debug|x86.ActiveCfg = Debug|Any CPU
		{9E5C8D19-D7E0-4B04-B51D-89613AAA5670}.Debug64|Any CPU.ActiveCfg = Debug|Any CPU
		{9E5C8D19-D7E0-4B04-B51D-89613AAA5670}.Debug64|Any CPU.Build.0 = Debug|Any CPU
		{9E5C8D19-D7E0-4B04-B51D-89613AAA5670}.Debug64|Mixed Platforms.ActiveCfg = Debug|Any CPU
		{9E5C8D19-D7E0-4B04-B51D-89613AAA5670}.Debug64|Mixed Platforms.Build.0 = Debug|Any CPU
		{9E5C8D19-D7E0-4B04-B51D-89613AAA5670}.Debug64|Win32.ActiveCfg = Debug|Any CPU
		{9E5C8D19-D7E0-4B04-B51D-89613AAA5670}.Debug64|x64.ActiveCfg = Debug|Any CPU
		{9E5C8D19-D7E0-4B04-B51D-89613AAA5670}.Debug64|x86.ActiveCfg = Debug|Any CPU
		{9E5C8D19-D7E0-4B04-B51D-89613AAA5670}.DemoDebug|Any CPU.ActiveCfg = Debug|Any CPU
		{9E5C8D19-D7E0-4B04-B51D-89613AAA5670}.DemoDebug|Any CPU.Build.0 = Debug|Any CPU
		{9E5C8D19-D7E0-4B04-B51D-89613AAA5670}.DemoDebug|Mixed Platforms.ActiveCfg = Debug|Any CPU
		{9E5C8D19-D7E0-4B04-B51D-89613AAA5670}.DemoDebug|Mixed Platforms.Build.0 = Debug|Any CPU
		{9E5C8D19-D7E0-4B04-B51D-89613AAA5670}.DemoDebug|Win32.ActiveCfg = Debug|Any CPU
		{9E5C8D19-D7E0-4B04-B51D-89613AAA5670}.DemoDebug|x64.ActiveCfg = Debug|Any CPU
		{9E5C8D19-D7E0-4B04-B51D-89613AAA5670}.DemoDebug|x86.ActiveCfg = Debug|Any CPU
		{9E5C8D19-D7E0-4B04-B51D-89613AAA5670}.DemoRelease|Any CPU.ActiveCfg = DemoRelease|Any CPU
		{9E5C8D19-D7E0-4B04-B51D-89613AAA5670}.DemoRelease|Any CPU.Build.0 = DemoRelease|Any CPU
		{9E5C8D19-D7E0-4B04-B51D-89613AAA5670}.DemoRelease|Mixed Platforms.ActiveCfg = Release|Any CPU
		{9E5C8D19-D7E0-4B04-B51D-89613AAA5670}.DemoRelease|Mixed Platforms.Build.0 = Release|Any CPU
		{9E5C8D19-D7E0-4B04-B51D-89613AAA5670}.DemoRelease|Win32.ActiveCfg = DemoRelease|Any CPU
		{9E5C8D19-D7E0-4B04-B51D-89613AAA5670}.DemoRelease|x64.ActiveCfg = DemoRelease|Any CPU
		{9E5C8D19-D7E0-4B04-B51D-89613AAA5670}.DemoRelease|x86.ActiveCfg = DemoRelease|Any CPU
		{9E5C8D19-D7E0-4B04-B51D-89613AAA5670}.Evaluation|Any CPU.ActiveCfg = Release|Any CPU
		{9E5C8D19-D7E0-4B04-B51D-89613AAA5670}.Evaluation|Any CPU.Build.0 = Release|Any CPU
		{9E5C8D19-D7E0-4B04-B51D-89613AAA5670}.Evaluation|Mixed Platforms.ActiveCfg = Release|Any CPU
		{9E5C8D19-D7E0-4B04-B51D-89613AAA5670}.Evaluation|Mixed Platforms.Build.0 = Release|Any CPU
		{9E5C8D19-D7E0-4B04-B51D-89613AAA5670}.Evaluation|Win32.ActiveCfg = Release|Any CPU
		{9E5C8D19-D7E0-4B04-B51D-89613AAA5670}.Evaluation|x64.ActiveCfg = ReleaseDebug|Any CPU
		{9E5C8D19-D7E0-4B04-B51D-89613AAA5670}.Evaluation|x86.ActiveCfg = Release|Any CPU
		{9E5C8D19-D7E0-4B04-B51D-89613AAA5670}.Release|Any CPU.ActiveCfg = Release|Any CPU
		{9E5C8D19-D7E0-4B04-B51D-89613AAA5670}.Release|Any CPU.Build.0 = Release|Any CPU
		{9E5C8D19-D7E0-4B04-B51D-89613AAA5670}.Release|Mixed Platforms.ActiveCfg = Release|Any CPU
		{9E5C8D19-D7E0-4B04-B51D-89613AAA5670}.Release|Mixed Platforms.Build.0 = Release|Any CPU
		{9E5C8D19-D7E0-4B04-B51D-89613AAA5670}.Release|Win32.ActiveCfg = Release|Any CPU
		{9E5C8D19-D7E0-4B04-B51D-89613AAA5670}.Release|x64.ActiveCfg = Release|Any CPU
		{9E5C8D19-D7E0-4B04-B51D-89613AAA5670}.Release|x86.ActiveCfg = Release|Any CPU
		{9E5C8D19-D7E0-4B04-B51D-89613AAA5670}.ReleaseDebug|Any CPU.ActiveCfg = ReleaseDebug|Any CPU
		{9E5C8D19-D7E0-4B04-B51D-89613AAA5670}.ReleaseDebug|Any CPU.Build.0 = ReleaseDebug|Any CPU
		{9E5C8D19-D7E0-4B04-B51D-89613AAA5670}.ReleaseDebug|Mixed Platforms.ActiveCfg = ReleaseDebug|Any CPU
		{9E5C8D19-D7E0-4B04-B51D-89613AAA5670}.ReleaseDebug|Mixed Platforms.Build.0 = ReleaseDebug|Any CPU
		{9E5C8D19-D7E0-4B04-B51D-89613AAA5670}.ReleaseDebug|Win32.ActiveCfg = ReleaseDebug|Any CPU
		{9E5C8D19-D7E0-4B04-B51D-89613AAA5670}.ReleaseDebug|x64.ActiveCfg = ReleaseDebug|Any CPU
		{9E5C8D19-D7E0-4B04-B51D-89613AAA5670}.ReleaseDebug|x86.ActiveCfg = ReleaseDebug|Any CPU
		{99FB9774-9749-4A20-8107-22F2DBC81E37}.Debug|Any CPU.ActiveCfg = Debug|Any CPU
		{99FB9774-9749-4A20-8107-22F2DBC81E37}.Debug|Any CPU.Build.0 = Debug|Any CPU
		{99FB9774-9749-4A20-8107-22F2DBC81E37}.Debug|Mixed Platforms.ActiveCfg = Debug|Any CPU
		{99FB9774-9749-4A20-8107-22F2DBC81E37}.Debug|Mixed Platforms.Build.0 = Debug|Any CPU
		{99FB9774-9749-4A20-8107-22F2DBC81E37}.Debug|Win32.ActiveCfg = Debug|x86
		{99FB9774-9749-4A20-8107-22F2DBC81E37}.Debug|x64.ActiveCfg = Debug|x64
		{99FB9774-9749-4A20-8107-22F2DBC81E37}.Debug|x64.Build.0 = Debug|x64
		{99FB9774-9749-4A20-8107-22F2DBC81E37}.Debug|x86.ActiveCfg = Debug|x86
		{99FB9774-9749-4A20-8107-22F2DBC81E37}.Debug|x86.Build.0 = Debug|x86
		{99FB9774-9749-4A20-8107-22F2DBC81E37}.Debug64|Any CPU.ActiveCfg = Debug64|Any CPU
		{99FB9774-9749-4A20-8107-22F2DBC81E37}.Debug64|Any CPU.Build.0 = Debug64|Any CPU
		{99FB9774-9749-4A20-8107-22F2DBC81E37}.Debug64|Mixed Platforms.ActiveCfg = Debug64|x86
		{99FB9774-9749-4A20-8107-22F2DBC81E37}.Debug64|Mixed Platforms.Build.0 = Debug64|x86
		{99FB9774-9749-4A20-8107-22F2DBC81E37}.Debug64|Win32.ActiveCfg = Debug64|x86
		{99FB9774-9749-4A20-8107-22F2DBC81E37}.Debug64|x64.ActiveCfg = Debug64|x64
		{99FB9774-9749-4A20-8107-22F2DBC81E37}.Debug64|x64.Build.0 = Debug64|x64
		{99FB9774-9749-4A20-8107-22F2DBC81E37}.Debug64|x86.ActiveCfg = Debug64|x86
		{99FB9774-9749-4A20-8107-22F2DBC81E37}.Debug64|x86.Build.0 = Debug64|x86
		{99FB9774-9749-4A20-8107-22F2DBC81E37}.DemoDebug|Any CPU.ActiveCfg = DemoDebug|Any CPU
		{99FB9774-9749-4A20-8107-22F2DBC81E37}.DemoDebug|Any CPU.Build.0 = DemoDebug|Any CPU
		{99FB9774-9749-4A20-8107-22F2DBC81E37}.DemoDebug|Mixed Platforms.ActiveCfg = DemoDebug|Any CPU
		{99FB9774-9749-4A20-8107-22F2DBC81E37}.DemoDebug|Mixed Platforms.Build.0 = DemoDebug|Any CPU
		{99FB9774-9749-4A20-8107-22F2DBC81E37}.DemoDebug|Win32.ActiveCfg = DemoDebug|x86
		{99FB9774-9749-4A20-8107-22F2DBC81E37}.DemoDebug|x64.ActiveCfg = DemoDebug|x64
		{99FB9774-9749-4A20-8107-22F2DBC81E37}.DemoDebug|x64.Build.0 = DemoDebug|x64
		{99FB9774-9749-4A20-8107-22F2DBC81E37}.DemoDebug|x86.ActiveCfg = DemoDebug|x86
		{99FB9774-9749-4A20-8107-22F2DBC81E37}.DemoDebug|x86.Build.0 = DemoDebug|x86
		{99FB9774-9749-4A20-8107-22F2DBC81E37}.DemoRelease|Any CPU.ActiveCfg = DemoRelease|Any CPU
		{99FB9774-9749-4A20-8107-22F2DBC81E37}.DemoRelease|Any CPU.Build.0 = DemoRelease|Any CPU
		{99FB9774-9749-4A20-8107-22F2DBC81E37}.DemoRelease|Mixed Platforms.ActiveCfg = DemoRelease|x86
		{99FB9774-9749-4A20-8107-22F2DBC81E37}.DemoRelease|Mixed Platforms.Build.0 = DemoRelease|x86
		{99FB9774-9749-4A20-8107-22F2DBC81E37}.DemoRelease|Win32.ActiveCfg = DemoRelease|x86
		{99FB9774-9749-4A20-8107-22F2DBC81E37}.DemoRelease|x64.ActiveCfg = DemoRelease|x64
		{99FB9774-9749-4A20-8107-22F2DBC81E37}.DemoRelease|x64.Build.0 = DemoRelease|x64
		{99FB9774-9749-4A20-8107-22F2DBC81E37}.DemoRelease|x86.ActiveCfg = DemoRelease|x86
		{99FB9774-9749-4A20-8107-22F2DBC81E37}.DemoRelease|x86.Build.0 = DemoRelease|x86
		{99FB9774-9749-4A20-8107-22F2DBC81E37}.Evaluation|Any CPU.ActiveCfg = Evaluation|Any CPU
		{99FB9774-9749-4A20-8107-22F2DBC81E37}.Evaluation|Any CPU.Build.0 = Evaluation|Any CPU
		{99FB9774-9749-4A20-8107-22F2DBC81E37}.Evaluation|Mixed Platforms.ActiveCfg = Evaluation|Any CPU
		{99FB9774-9749-4A20-8107-22F2DBC81E37}.Evaluation|Mixed Platforms.Build.0 = Evaluation|Any CPU
		{99FB9774-9749-4A20-8107-22F2DBC81E37}.Evaluation|Win32.ActiveCfg = Evaluation|x86
		{99FB9774-9749-4A20-8107-22F2DBC81E37}.Evaluation|x64.ActiveCfg = Evaluation|x64
		{99FB9774-9749-4A20-8107-22F2DBC81E37}.Evaluation|x64.Build.0 = Evaluation|x64
		{99FB9774-9749-4A20-8107-22F2DBC81E37}.Evaluation|x86.ActiveCfg = Evaluation|x86
		{99FB9774-9749-4A20-8107-22F2DBC81E37}.Evaluation|x86.Build.0 = Evaluation|x86
		{99FB9774-9749-4A20-8107-22F2DBC81E37}.Release|Any CPU.ActiveCfg = Release|Any CPU
		{99FB9774-9749-4A20-8107-22F2DBC81E37}.Release|Any CPU.Build.0 = Release|Any CPU
		{99FB9774-9749-4A20-8107-22F2DBC81E37}.Release|Mixed Platforms.ActiveCfg = Release|Any CPU
		{99FB9774-9749-4A20-8107-22F2DBC81E37}.Release|Mixed Platforms.Build.0 = Release|Any CPU
		{99FB9774-9749-4A20-8107-22F2DBC81E37}.Release|Win32.ActiveCfg = Release|x86
		{99FB9774-9749-4A20-8107-22F2DBC81E37}.Release|x64.ActiveCfg = Release|x64
		{99FB9774-9749-4A20-8107-22F2DBC81E37}.Release|x64.Build.0 = Release|x64
		{99FB9774-9749-4A20-8107-22F2DBC81E37}.Release|x86.ActiveCfg = Release|x86
		{99FB9774-9749-4A20-8107-22F2DBC81E37}.Release|x86.Build.0 = Release|x86
		{99FB9774-9749-4A20-8107-22F2DBC81E37}.ReleaseDebug|Any CPU.ActiveCfg = ReleaseDebug|Any CPU
		{99FB9774-9749-4A20-8107-22F2DBC81E37}.ReleaseDebug|Any CPU.Build.0 = ReleaseDebug|Any CPU
		{99FB9774-9749-4A20-8107-22F2DBC81E37}.ReleaseDebug|Mixed Platforms.ActiveCfg = ReleaseDebug|Any CPU
		{99FB9774-9749-4A20-8107-22F2DBC81E37}.ReleaseDebug|Mixed Platforms.Build.0 = ReleaseDebug|Any CPU
		{99FB9774-9749-4A20-8107-22F2DBC81E37}.ReleaseDebug|Win32.ActiveCfg = ReleaseDebug|x86
		{99FB9774-9749-4A20-8107-22F2DBC81E37}.ReleaseDebug|x64.ActiveCfg = ReleaseDebug|x64
		{99FB9774-9749-4A20-8107-22F2DBC81E37}.ReleaseDebug|x64.Build.0 = ReleaseDebug|x64
		{99FB9774-9749-4A20-8107-22F2DBC81E37}.ReleaseDebug|x86.ActiveCfg = ReleaseDebug|x86
		{99FB9774-9749-4A20-8107-22F2DBC81E37}.ReleaseDebug|x86.Build.0 = ReleaseDebug|x86
		{E3409852-BDB9-47BF-89EC-593DC19A472B}.Debug|Any CPU.ActiveCfg = Debug|Any CPU
		{E3409852-BDB9-47BF-89EC-593DC19A472B}.Debug|Any CPU.Build.0 = Debug|Any CPU
		{E3409852-BDB9-47BF-89EC-593DC19A472B}.Debug|Mixed Platforms.ActiveCfg = Debug|Any CPU
		{E3409852-BDB9-47BF-89EC-593DC19A472B}.Debug|Mixed Platforms.Build.0 = Debug|Any CPU
		{E3409852-BDB9-47BF-89EC-593DC19A472B}.Debug|Win32.ActiveCfg = Debug|Any CPU
		{E3409852-BDB9-47BF-89EC-593DC19A472B}.Debug|x64.ActiveCfg = Debug|Any CPU
		{E3409852-BDB9-47BF-89EC-593DC19A472B}.Debug|x86.ActiveCfg = Debug|Any CPU
		{E3409852-BDB9-47BF-89EC-593DC19A472B}.Debug64|Any CPU.ActiveCfg = Debug|Any CPU
		{E3409852-BDB9-47BF-89EC-593DC19A472B}.Debug64|Any CPU.Build.0 = Debug|Any CPU
		{E3409852-BDB9-47BF-89EC-593DC19A472B}.Debug64|Mixed Platforms.ActiveCfg = Debug|Any CPU
		{E3409852-BDB9-47BF-89EC-593DC19A472B}.Debug64|Mixed Platforms.Build.0 = Debug|Any CPU
		{E3409852-BDB9-47BF-89EC-593DC19A472B}.Debug64|Win32.ActiveCfg = Debug|Any CPU
		{E3409852-BDB9-47BF-89EC-593DC19A472B}.Debug64|x64.ActiveCfg = Debug|Any CPU
		{E3409852-BDB9-47BF-89EC-593DC19A472B}.Debug64|x86.ActiveCfg = Debug|Any CPU
		{E3409852-BDB9-47BF-89EC-593DC19A472B}.DemoDebug|Any CPU.ActiveCfg = Debug|Any CPU
		{E3409852-BDB9-47BF-89EC-593DC19A472B}.DemoDebug|Any CPU.Build.0 = Debug|Any CPU
		{E3409852-BDB9-47BF-89EC-593DC19A472B}.DemoDebug|Mixed Platforms.ActiveCfg = Debug|Any CPU
		{E3409852-BDB9-47BF-89EC-593DC19A472B}.DemoDebug|Mixed Platforms.Build.0 = Debug|Any CPU
		{E3409852-BDB9-47BF-89EC-593DC19A472B}.DemoDebug|Win32.ActiveCfg = Debug|Any CPU
		{E3409852-BDB9-47BF-89EC-593DC19A472B}.DemoDebug|x64.ActiveCfg = Debug|Any CPU
		{E3409852-BDB9-47BF-89EC-593DC19A472B}.DemoDebug|x86.ActiveCfg = Debug|Any CPU
		{E3409852-BDB9-47BF-89EC-593DC19A472B}.DemoRelease|Any CPU.ActiveCfg = Release|Any CPU
		{E3409852-BDB9-47BF-89EC-593DC19A472B}.DemoRelease|Any CPU.Build.0 = Release|Any CPU
		{E3409852-BDB9-47BF-89EC-593DC19A472B}.DemoRelease|Mixed Platforms.ActiveCfg = Release|Any CPU
		{E3409852-BDB9-47BF-89EC-593DC19A472B}.DemoRelease|Mixed Platforms.Build.0 = Release|Any CPU
		{E3409852-BDB9-47BF-89EC-593DC19A472B}.DemoRelease|Win32.ActiveCfg = Release|Any CPU
		{E3409852-BDB9-47BF-89EC-593DC19A472B}.DemoRelease|x64.ActiveCfg = Release|Any CPU
		{E3409852-BDB9-47BF-89EC-593DC19A472B}.DemoRelease|x86.ActiveCfg = Release|Any CPU
		{E3409852-BDB9-47BF-89EC-593DC19A472B}.Evaluation|Any CPU.ActiveCfg = Release|Any CPU
		{E3409852-BDB9-47BF-89EC-593DC19A472B}.Evaluation|Any CPU.Build.0 = Release|Any CPU
		{E3409852-BDB9-47BF-89EC-593DC19A472B}.Evaluation|Mixed Platforms.ActiveCfg = Release|Any CPU
		{E3409852-BDB9-47BF-89EC-593DC19A472B}.Evaluation|Mixed Platforms.Build.0 = Release|Any CPU
		{E3409852-BDB9-47BF-89EC-593DC19A472B}.Evaluation|Win32.ActiveCfg = Release|Any CPU
		{E3409852-BDB9-47BF-89EC-593DC19A472B}.Evaluation|x64.ActiveCfg = Release|Any CPU
		{E3409852-BDB9-47BF-89EC-593DC19A472B}.Evaluation|x86.ActiveCfg = Release|Any CPU
		{E3409852-BDB9-47BF-89EC-593DC19A472B}.Release|Any CPU.ActiveCfg = Release|Any CPU
		{E3409852-BDB9-47BF-89EC-593DC19A472B}.Release|Any CPU.Build.0 = Release|Any CPU
		{E3409852-BDB9-47BF-89EC-593DC19A472B}.Release|Mixed Platforms.ActiveCfg = Release|Any CPU
		{E3409852-BDB9-47BF-89EC-593DC19A472B}.Release|Mixed Platforms.Build.0 = Release|Any CPU
		{E3409852-BDB9-47BF-89EC-593DC19A472B}.Release|Win32.ActiveCfg = Release|Any CPU
		{E3409852-BDB9-47BF-89EC-593DC19A472B}.Release|x64.ActiveCfg = Release|Any CPU
		{E3409852-BDB9-47BF-89EC-593DC19A472B}.Release|x86.ActiveCfg = Release|Any CPU
		{E3409852-BDB9-47BF-89EC-593DC19A472B}.ReleaseDebug|Any CPU.ActiveCfg = Release|Any CPU
		{E3409852-BDB9-47BF-89EC-593DC19A472B}.ReleaseDebug|Any CPU.Build.0 = Release|Any CPU
		{E3409852-BDB9-47BF-89EC-593DC19A472B}.ReleaseDebug|Mixed Platforms.ActiveCfg = Release|Any CPU
		{E3409852-BDB9-47BF-89EC-593DC19A472B}.ReleaseDebug|Mixed Platforms.Build.0 = Release|Any CPU
		{E3409852-BDB9-47BF-89EC-593DC19A472B}.ReleaseDebug|Win32.ActiveCfg = Release|Any CPU
		{E3409852-BDB9-47BF-89EC-593DC19A472B}.ReleaseDebug|x64.ActiveCfg = Release|Any CPU
		{E3409852-BDB9-47BF-89EC-593DC19A472B}.ReleaseDebug|x86.ActiveCfg = Release|Any CPU
		{7DE8BA6B-5FDC-4DF2-B263-78EDF3216A5E}.Debug|Any CPU.ActiveCfg = Debug
		{7DE8BA6B-5FDC-4DF2-B263-78EDF3216A5E}.Debug|Mixed Platforms.ActiveCfg = Debug64
		{7DE8BA6B-5FDC-4DF2-B263-78EDF3216A5E}.Debug|Mixed Platforms.Build.0 = Debug64
		{7DE8BA6B-5FDC-4DF2-B263-78EDF3216A5E}.Debug|Win32.ActiveCfg = Debug64
		{7DE8BA6B-5FDC-4DF2-B263-78EDF3216A5E}.Debug|Win32.Build.0 = Debug64
		{7DE8BA6B-5FDC-4DF2-B263-78EDF3216A5E}.Debug|x64.ActiveCfg = Debug64
		{7DE8BA6B-5FDC-4DF2-B263-78EDF3216A5E}.Debug|x64.Build.0 = Debug64
		{7DE8BA6B-5FDC-4DF2-B263-78EDF3216A5E}.Debug|x86.ActiveCfg = Debug64
		{7DE8BA6B-5FDC-4DF2-B263-78EDF3216A5E}.Debug|x86.Build.0 = Debug64
		{7DE8BA6B-5FDC-4DF2-B263-78EDF3216A5E}.Debug64|Any CPU.ActiveCfg = Debug64
		{7DE8BA6B-5FDC-4DF2-B263-78EDF3216A5E}.Debug64|Mixed Platforms.ActiveCfg = Debug64
		{7DE8BA6B-5FDC-4DF2-B263-78EDF3216A5E}.Debug64|Mixed Platforms.Build.0 = Debug64
		{7DE8BA6B-5FDC-4DF2-B263-78EDF3216A5E}.Debug64|Win32.ActiveCfg = Debug64
		{7DE8BA6B-5FDC-4DF2-B263-78EDF3216A5E}.Debug64|Win32.Build.0 = Debug64
		{7DE8BA6B-5FDC-4DF2-B263-78EDF3216A5E}.Debug64|x64.ActiveCfg = Debug64
		{7DE8BA6B-5FDC-4DF2-B263-78EDF3216A5E}.Debug64|x64.Build.0 = Debug64
		{7DE8BA6B-5FDC-4DF2-B263-78EDF3216A5E}.Debug64|x86.ActiveCfg = Debug64
		{7DE8BA6B-5FDC-4DF2-B263-78EDF3216A5E}.Debug64|x86.Build.0 = Debug64
		{7DE8BA6B-5FDC-4DF2-B263-78EDF3216A5E}.DemoDebug|Any CPU.ActiveCfg = DemoDebug
		{7DE8BA6B-5FDC-4DF2-B263-78EDF3216A5E}.DemoDebug|Mixed Platforms.ActiveCfg = DemoDebug
		{7DE8BA6B-5FDC-4DF2-B263-78EDF3216A5E}.DemoDebug|Mixed Platforms.Build.0 = DemoDebug
		{7DE8BA6B-5FDC-4DF2-B263-78EDF3216A5E}.DemoDebug|Win32.ActiveCfg = DemoDebug
		{7DE8BA6B-5FDC-4DF2-B263-78EDF3216A5E}.DemoDebug|Win32.Build.0 = DemoDebug
		{7DE8BA6B-5FDC-4DF2-B263-78EDF3216A5E}.DemoDebug|x64.ActiveCfg = DemoDebug
		{7DE8BA6B-5FDC-4DF2-B263-78EDF3216A5E}.DemoDebug|x64.Build.0 = DemoDebug
		{7DE8BA6B-5FDC-4DF2-B263-78EDF3216A5E}.DemoDebug|x86.ActiveCfg = DemoDebug
		{7DE8BA6B-5FDC-4DF2-B263-78EDF3216A5E}.DemoDebug|x86.Build.0 = DemoDebug
		{7DE8BA6B-5FDC-4DF2-B263-78EDF3216A5E}.DemoRelease|Any CPU.ActiveCfg = DemoRelease
		{7DE8BA6B-5FDC-4DF2-B263-78EDF3216A5E}.DemoRelease|Any CPU.Build.0 = DemoRelease
		{7DE8BA6B-5FDC-4DF2-B263-78EDF3216A5E}.DemoRelease|Mixed Platforms.ActiveCfg = DemoRelease
		{7DE8BA6B-5FDC-4DF2-B263-78EDF3216A5E}.DemoRelease|Mixed Platforms.Build.0 = DemoRelease
		{7DE8BA6B-5FDC-4DF2-B263-78EDF3216A5E}.DemoRelease|Win32.ActiveCfg = DemoRelease
		{7DE8BA6B-5FDC-4DF2-B263-78EDF3216A5E}.DemoRelease|Win32.Build.0 = DemoRelease
		{7DE8BA6B-5FDC-4DF2-B263-78EDF3216A5E}.DemoRelease|x64.ActiveCfg = DemoRelease
		{7DE8BA6B-5FDC-4DF2-B263-78EDF3216A5E}.DemoRelease|x64.Build.0 = DemoRelease
		{7DE8BA6B-5FDC-4DF2-B263-78EDF3216A5E}.DemoRelease|x86.ActiveCfg = DemoRelease
		{7DE8BA6B-5FDC-4DF2-B263-78EDF3216A5E}.DemoRelease|x86.Build.0 = DemoRelease
		{7DE8BA6B-5FDC-4DF2-B263-78EDF3216A5E}.Evaluation|Any CPU.ActiveCfg = Evaluation
		{7DE8BA6B-5FDC-4DF2-B263-78EDF3216A5E}.Evaluation|Mixed Platforms.ActiveCfg = Evaluation
		{7DE8BA6B-5FDC-4DF2-B263-78EDF3216A5E}.Evaluation|Mixed Platforms.Build.0 = Evaluation
		{7DE8BA6B-5FDC-4DF2-B263-78EDF3216A5E}.Evaluation|Win32.ActiveCfg = Evaluation
		{7DE8BA6B-5FDC-4DF2-B263-78EDF3216A5E}.Evaluation|Win32.Build.0 = Evaluation
		{7DE8BA6B-5FDC-4DF2-B263-78EDF3216A5E}.Evaluation|x64.ActiveCfg = Evaluation
		{7DE8BA6B-5FDC-4DF2-B263-78EDF3216A5E}.Evaluation|x64.Build.0 = Evaluation
		{7DE8BA6B-5FDC-4DF2-B263-78EDF3216A5E}.Evaluation|x86.ActiveCfg = Evaluation
		{7DE8BA6B-5FDC-4DF2-B263-78EDF3216A5E}.Evaluation|x86.Build.0 = Evaluation
		{7DE8BA6B-5FDC-4DF2-B263-78EDF3216A5E}.Release|Any CPU.ActiveCfg = Release
		{7DE8BA6B-5FDC-4DF2-B263-78EDF3216A5E}.Release|Mixed Platforms.ActiveCfg = ReleaseDebug
		{7DE8BA6B-5FDC-4DF2-B263-78EDF3216A5E}.Release|Mixed Platforms.Build.0 = ReleaseDebug
		{7DE8BA6B-5FDC-4DF2-B263-78EDF3216A5E}.Release|Win32.ActiveCfg = ReleaseDebug
		{7DE8BA6B-5FDC-4DF2-B263-78EDF3216A5E}.Release|Win32.Build.0 = ReleaseDebug
		{7DE8BA6B-5FDC-4DF2-B263-78EDF3216A5E}.Release|x64.ActiveCfg = ReleaseDebug
		{7DE8BA6B-5FDC-4DF2-B263-78EDF3216A5E}.Release|x64.Build.0 = ReleaseDebug
		{7DE8BA6B-5FDC-4DF2-B263-78EDF3216A5E}.Release|x86.ActiveCfg = ReleaseDebug
		{7DE8BA6B-5FDC-4DF2-B263-78EDF3216A5E}.Release|x86.Build.0 = ReleaseDebug
		{7DE8BA6B-5FDC-4DF2-B263-78EDF3216A5E}.ReleaseDebug|Any CPU.ActiveCfg = ReleaseDebug
		{7DE8BA6B-5FDC-4DF2-B263-78EDF3216A5E}.ReleaseDebug|Mixed Platforms.ActiveCfg = ReleaseDebug
		{7DE8BA6B-5FDC-4DF2-B263-78EDF3216A5E}.ReleaseDebug|Mixed Platforms.Build.0 = ReleaseDebug
		{7DE8BA6B-5FDC-4DF2-B263-78EDF3216A5E}.ReleaseDebug|Win32.ActiveCfg = ReleaseDebug
		{7DE8BA6B-5FDC-4DF2-B263-78EDF3216A5E}.ReleaseDebug|Win32.Build.0 = ReleaseDebug
		{7DE8BA6B-5FDC-4DF2-B263-78EDF3216A5E}.ReleaseDebug|x64.ActiveCfg = ReleaseDebug
		{7DE8BA6B-5FDC-4DF2-B263-78EDF3216A5E}.ReleaseDebug|x64.Build.0 = ReleaseDebug
		{7DE8BA6B-5FDC-4DF2-B263-78EDF3216A5E}.ReleaseDebug|x86.ActiveCfg = ReleaseDebug
		{7DE8BA6B-5FDC-4DF2-B263-78EDF3216A5E}.ReleaseDebug|x86.Build.0 = ReleaseDebug
		{D8C2CB39-E031-4F65-A9CA-3FD85D57D8CC}.Debug|Any CPU.ActiveCfg = Debug|x86
		{D8C2CB39-E031-4F65-A9CA-3FD85D57D8CC}.Debug|Any CPU.Build.0 = Debug|x86
		{D8C2CB39-E031-4F65-A9CA-3FD85D57D8CC}.Debug|Mixed Platforms.ActiveCfg = Debug|x86
		{D8C2CB39-E031-4F65-A9CA-3FD85D57D8CC}.Debug|Mixed Platforms.Build.0 = Debug|x86
		{D8C2CB39-E031-4F65-A9CA-3FD85D57D8CC}.Debug|Win32.ActiveCfg = Debug|x86
		{D8C2CB39-E031-4F65-A9CA-3FD85D57D8CC}.Debug|x64.ActiveCfg = Debug|x86
		{D8C2CB39-E031-4F65-A9CA-3FD85D57D8CC}.Debug|x86.ActiveCfg = Debug|x86
		{D8C2CB39-E031-4F65-A9CA-3FD85D57D8CC}.Debug|x86.Build.0 = Debug|x86
		{D8C2CB39-E031-4F65-A9CA-3FD85D57D8CC}.Debug64|Any CPU.ActiveCfg = Debug|x86
		{D8C2CB39-E031-4F65-A9CA-3FD85D57D8CC}.Debug64|Mixed Platforms.ActiveCfg = Debug|x86
		{D8C2CB39-E031-4F65-A9CA-3FD85D57D8CC}.Debug64|Mixed Platforms.Build.0 = Debug|x86
		{D8C2CB39-E031-4F65-A9CA-3FD85D57D8CC}.Debug64|Win32.ActiveCfg = Debug|x86
		{D8C2CB39-E031-4F65-A9CA-3FD85D57D8CC}.Debug64|x64.ActiveCfg = Debug|x86
		{D8C2CB39-E031-4F65-A9CA-3FD85D57D8CC}.Debug64|x86.ActiveCfg = Debug|x86
		{D8C2CB39-E031-4F65-A9CA-3FD85D57D8CC}.Debug64|x86.Build.0 = Debug|x86
		{D8C2CB39-E031-4F65-A9CA-3FD85D57D8CC}.DemoDebug|Any CPU.ActiveCfg = Debug|x86
		{D8C2CB39-E031-4F65-A9CA-3FD85D57D8CC}.DemoDebug|Mixed Platforms.ActiveCfg = Debug|x86
		{D8C2CB39-E031-4F65-A9CA-3FD85D57D8CC}.DemoDebug|Mixed Platforms.Build.0 = Debug|x86
		{D8C2CB39-E031-4F65-A9CA-3FD85D57D8CC}.DemoDebug|Win32.ActiveCfg = Debug|x86
		{D8C2CB39-E031-4F65-A9CA-3FD85D57D8CC}.DemoDebug|x64.ActiveCfg = Debug|x86
		{D8C2CB39-E031-4F65-A9CA-3FD85D57D8CC}.DemoDebug|x86.ActiveCfg = Debug|x86
		{D8C2CB39-E031-4F65-A9CA-3FD85D57D8CC}.DemoDebug|x86.Build.0 = Debug|x86
		{D8C2CB39-E031-4F65-A9CA-3FD85D57D8CC}.DemoRelease|Any CPU.ActiveCfg = Release|x86
		{D8C2CB39-E031-4F65-A9CA-3FD85D57D8CC}.DemoRelease|Mixed Platforms.ActiveCfg = Release|x86
		{D8C2CB39-E031-4F65-A9CA-3FD85D57D8CC}.DemoRelease|Mixed Platforms.Build.0 = Release|x86
		{D8C2CB39-E031-4F65-A9CA-3FD85D57D8CC}.DemoRelease|Win32.ActiveCfg = Release|x86
		{D8C2CB39-E031-4F65-A9CA-3FD85D57D8CC}.DemoRelease|x64.ActiveCfg = Release|x86
		{D8C2CB39-E031-4F65-A9CA-3FD85D57D8CC}.DemoRelease|x86.ActiveCfg = Release|x86
		{D8C2CB39-E031-4F65-A9CA-3FD85D57D8CC}.DemoRelease|x86.Build.0 = Release|x86
		{D8C2CB39-E031-4F65-A9CA-3FD85D57D8CC}.Evaluation|Any CPU.ActiveCfg = Release|x86
		{D8C2CB39-E031-4F65-A9CA-3FD85D57D8CC}.Evaluation|Mixed Platforms.ActiveCfg = Release|x86
		{D8C2CB39-E031-4F65-A9CA-3FD85D57D8CC}.Evaluation|Mixed Platforms.Build.0 = Release|x86
		{D8C2CB39-E031-4F65-A9CA-3FD85D57D8CC}.Evaluation|Win32.ActiveCfg = Release|x86
		{D8C2CB39-E031-4F65-A9CA-3FD85D57D8CC}.Evaluation|x64.ActiveCfg = Release|x86
		{D8C2CB39-E031-4F65-A9CA-3FD85D57D8CC}.Evaluation|x86.ActiveCfg = Release|x86
		{D8C2CB39-E031-4F65-A9CA-3FD85D57D8CC}.Evaluation|x86.Build.0 = Release|x86
		{D8C2CB39-E031-4F65-A9CA-3FD85D57D8CC}.Release|Any CPU.ActiveCfg = Release|Any CPU
		{D8C2CB39-E031-4F65-A9CA-3FD85D57D8CC}.Release|Any CPU.Build.0 = Release|Any CPU
		{D8C2CB39-E031-4F65-A9CA-3FD85D57D8CC}.Release|Mixed Platforms.ActiveCfg = Release|x86
		{D8C2CB39-E031-4F65-A9CA-3FD85D57D8CC}.Release|Mixed Platforms.Build.0 = Release|x86
		{D8C2CB39-E031-4F65-A9CA-3FD85D57D8CC}.Release|Win32.ActiveCfg = Release|x86
		{D8C2CB39-E031-4F65-A9CA-3FD85D57D8CC}.Release|x64.ActiveCfg = Release|x86
		{D8C2CB39-E031-4F65-A9CA-3FD85D57D8CC}.Release|x86.ActiveCfg = Release|x86
		{D8C2CB39-E031-4F65-A9CA-3FD85D57D8CC}.Release|x86.Build.0 = Release|x86
		{D8C2CB39-E031-4F65-A9CA-3FD85D57D8CC}.ReleaseDebug|Any CPU.ActiveCfg = Release|Any CPU
		{D8C2CB39-E031-4F65-A9CA-3FD85D57D8CC}.ReleaseDebug|Mixed Platforms.ActiveCfg = Release|x86
		{D8C2CB39-E031-4F65-A9CA-3FD85D57D8CC}.ReleaseDebug|Mixed Platforms.Build.0 = Release|x86
		{D8C2CB39-E031-4F65-A9CA-3FD85D57D8CC}.ReleaseDebug|Win32.ActiveCfg = Release|x86
		{D8C2CB39-E031-4F65-A9CA-3FD85D57D8CC}.ReleaseDebug|x64.ActiveCfg = Release|x86
		{D8C2CB39-E031-4F65-A9CA-3FD85D57D8CC}.ReleaseDebug|x86.ActiveCfg = Debug|x86
		{D8C2CB39-E031-4F65-A9CA-3FD85D57D8CC}.ReleaseDebug|x86.Build.0 = Debug|x86
		{DDAFE318-5137-4A19-9E98-F74D6B6C9161}.Debug|Any CPU.ActiveCfg = Debug|Any CPU
		{DDAFE318-5137-4A19-9E98-F74D6B6C9161}.Debug|Any CPU.Build.0 = Debug|Any CPU
		{DDAFE318-5137-4A19-9E98-F74D6B6C9161}.Debug|Mixed Platforms.ActiveCfg = Debug|Any CPU
		{DDAFE318-5137-4A19-9E98-F74D6B6C9161}.Debug|Mixed Platforms.Build.0 = Debug|Any CPU
		{DDAFE318-5137-4A19-9E98-F74D6B6C9161}.Debug|Win32.ActiveCfg = Debug|Any CPU
		{DDAFE318-5137-4A19-9E98-F74D6B6C9161}.Debug|x64.ActiveCfg = Debug|Any CPU
		{DDAFE318-5137-4A19-9E98-F74D6B6C9161}.Debug|x86.ActiveCfg = Debug|Any CPU
		{DDAFE318-5137-4A19-9E98-F74D6B6C9161}.Debug64|Any CPU.ActiveCfg = Debug|Any CPU
		{DDAFE318-5137-4A19-9E98-F74D6B6C9161}.Debug64|Any CPU.Build.0 = Debug|Any CPU
		{DDAFE318-5137-4A19-9E98-F74D6B6C9161}.Debug64|Mixed Platforms.ActiveCfg = Debug|Any CPU
		{DDAFE318-5137-4A19-9E98-F74D6B6C9161}.Debug64|Mixed Platforms.Build.0 = Debug|Any CPU
		{DDAFE318-5137-4A19-9E98-F74D6B6C9161}.Debug64|Win32.ActiveCfg = Debug|Any CPU
		{DDAFE318-5137-4A19-9E98-F74D6B6C9161}.Debug64|x64.ActiveCfg = Debug|Any CPU
		{DDAFE318-5137-4A19-9E98-F74D6B6C9161}.Debug64|x86.ActiveCfg = Debug|Any CPU
		{DDAFE318-5137-4A19-9E98-F74D6B6C9161}.DemoDebug|Any CPU.ActiveCfg = Debug|Any CPU
		{DDAFE318-5137-4A19-9E98-F74D6B6C9161}.DemoDebug|Any CPU.Build.0 = Debug|Any CPU
		{DDAFE318-5137-4A19-9E98-F74D6B6C9161}.DemoDebug|Mixed Platforms.ActiveCfg = Debug|Any CPU
		{DDAFE318-5137-4A19-9E98-F74D6B6C9161}.DemoDebug|Mixed Platforms.Build.0 = Debug|Any CPU
		{DDAFE318-5137-4A19-9E98-F74D6B6C9161}.DemoDebug|Win32.ActiveCfg = Debug|Any CPU
		{DDAFE318-5137-4A19-9E98-F74D6B6C9161}.DemoDebug|x64.ActiveCfg = Debug|Any CPU
		{DDAFE318-5137-4A19-9E98-F74D6B6C9161}.DemoDebug|x86.ActiveCfg = Debug|Any CPU
		{DDAFE318-5137-4A19-9E98-F74D6B6C9161}.DemoRelease|Any CPU.ActiveCfg = Release|Any CPU
		{DDAFE318-5137-4A19-9E98-F74D6B6C9161}.DemoRelease|Any CPU.Build.0 = Release|Any CPU
		{DDAFE318-5137-4A19-9E98-F74D6B6C9161}.DemoRelease|Mixed Platforms.ActiveCfg = Release|Any CPU
		{DDAFE318-5137-4A19-9E98-F74D6B6C9161}.DemoRelease|Mixed Platforms.Build.0 = Release|Any CPU
		{DDAFE318-5137-4A19-9E98-F74D6B6C9161}.DemoRelease|Win32.ActiveCfg = Release|Any CPU
		{DDAFE318-5137-4A19-9E98-F74D6B6C9161}.DemoRelease|x64.ActiveCfg = Release|Any CPU
		{DDAFE318-5137-4A19-9E98-F74D6B6C9161}.DemoRelease|x86.ActiveCfg = Release|Any CPU
		{DDAFE318-5137-4A19-9E98-F74D6B6C9161}.Evaluation|Any CPU.ActiveCfg = Release|Any CPU
		{DDAFE318-5137-4A19-9E98-F74D6B6C9161}.Evaluation|Any CPU.Build.0 = Release|Any CPU
		{DDAFE318-5137-4A19-9E98-F74D6B6C9161}.Evaluation|Mixed Platforms.ActiveCfg = Release|Any CPU
		{DDAFE318-5137-4A19-9E98-F74D6B6C9161}.Evaluation|Mixed Platforms.Build.0 = Release|Any CPU
		{DDAFE318-5137-4A19-9E98-F74D6B6C9161}.Evaluation|Win32.ActiveCfg = Release|Any CPU
		{DDAFE318-5137-4A19-9E98-F74D6B6C9161}.Evaluation|x64.ActiveCfg = Release|Any CPU
		{DDAFE318-5137-4A19-9E98-F74D6B6C9161}.Evaluation|x86.ActiveCfg = Release|Any CPU
		{DDAFE318-5137-4A19-9E98-F74D6B6C9161}.Release|Any CPU.ActiveCfg = Release|Any CPU
		{DDAFE318-5137-4A19-9E98-F74D6B6C9161}.Release|Any CPU.Build.0 = Release|Any CPU
		{DDAFE318-5137-4A19-9E98-F74D6B6C9161}.Release|Mixed Platforms.ActiveCfg = Release|Any CPU
		{DDAFE318-5137-4A19-9E98-F74D6B6C9161}.Release|Mixed Platforms.Build.0 = Release|Any CPU
		{DDAFE318-5137-4A19-9E98-F74D6B6C9161}.Release|Win32.ActiveCfg = Release|Any CPU
		{DDAFE318-5137-4A19-9E98-F74D6B6C9161}.Release|x64.ActiveCfg = Release|Any CPU
		{DDAFE318-5137-4A19-9E98-F74D6B6C9161}.Release|x86.ActiveCfg = Release|Any CPU
		{DDAFE318-5137-4A19-9E98-F74D6B6C9161}.ReleaseDebug|Any CPU.ActiveCfg = Release|Any CPU
		{DDAFE318-5137-4A19-9E98-F74D6B6C9161}.ReleaseDebug|Any CPU.Build.0 = Release|Any CPU
		{DDAFE318-5137-4A19-9E98-F74D6B6C9161}.ReleaseDebug|Mixed Platforms.ActiveCfg = Release|Any CPU
		{DDAFE318-5137-4A19-9E98-F74D6B6C9161}.ReleaseDebug|Mixed Platforms.Build.0 = Release|Any CPU
		{DDAFE318-5137-4A19-9E98-F74D6B6C9161}.ReleaseDebug|Win32.ActiveCfg = Release|Any CPU
		{DDAFE318-5137-4A19-9E98-F74D6B6C9161}.ReleaseDebug|x64.ActiveCfg = Release|Any CPU
		{DDAFE318-5137-4A19-9E98-F74D6B6C9161}.ReleaseDebug|x86.ActiveCfg = Release|Any CPU
	EndGlobalSection
	GlobalSection(SolutionProperties) = preSolution
		HideSolutionNode = FALSE
	EndGlobalSection
	GlobalSection(ExtensibilityGlobals) = postSolution
		SolutionGuid = {D5E79F53-2F6A-4A6E-9CD0-4DC3478507D8}
	EndGlobalSection
	GlobalSection(TestCaseManagementSettings) = postSolution
		CategoryFile = VGDD Head.vsmdi
	EndGlobalSection
	GlobalSection(MonoDevelopProperties) = preSolution
		StartupItem = VGDDPlayerMonolitico\VGDDPlayerMonolitico.vbproj
	EndGlobalSection
EndGlobal
